// !$*UTF8*$!
{
	archiveVersion = 1;
	classes = {
	};
	objectVersion = 46;
	objects = {

/* Begin PBXBuildFile section */
		AE5584A51ACA8E860007AE41 /* IntegerToColourTransformer.m in Sources */ = {isa = PBXBuildFile; fileRef = AE5584A41ACA8E860007AE41 /* IntegerToColourTransformer.m */; };
		AE5961401A494D7500CB9DD2 /* TreeNode.m in Sources */ = {isa = PBXBuildFile; fileRef = AE59613F1A494D7500CB9DD2 /* TreeNode.m */; };
		AE5961461A496A9900CB9DD2 /* Project.m in Sources */ = {isa = PBXBuildFile; fileRef = AE5961451A496A9900CB9DD2 /* Project.m */; };
		AE5961581A4A726400CB9DD2 /* ProjectTest.m in Sources */ = {isa = PBXBuildFile; fileRef = AE5961571A4A726400CB9DD2 /* ProjectTest.m */; };
		AE59615A1A4DB10B00CB9DD2 /* Preferences.xib in Resources */ = {isa = PBXBuildFile; fileRef = AE5961591A4DB10B00CB9DD2 /* Preferences.xib */; };
		AE59615D1A4F135300CB9DD2 /* PreferencesWindowController.m in Sources */ = {isa = PBXBuildFile; fileRef = AE59615C1A4F135300CB9DD2 /* PreferencesWindowController.m */; };
		AED964591A3AA4F000E72772 /* AppDelegate.m in Sources */ = {isa = PBXBuildFile; fileRef = AED964581A3AA4F000E72772 /* AppDelegate.m */; };
		AED9645B1A3AA4F000E72772 /* main.m in Sources */ = {isa = PBXBuildFile; fileRef = AED9645A1A3AA4F000E72772 /* main.m */; };
		AED9645D1A3AA4F000E72772 /* Images.xcassets in Resources */ = {isa = PBXBuildFile; fileRef = AED9645C1A3AA4F000E72772 /* Images.xcassets */; };
		AED964601A3AA4F000E72772 /* MainMenu.xib in Resources */ = {isa = PBXBuildFile; fileRef = AED9645E1A3AA4F000E72772 /* MainMenu.xib */; };
		AED9646C1A3AA4F100E72772 /* ExporterTests.m in Sources */ = {isa = PBXBuildFile; fileRef = AED9646B1A3AA4F100E72772 /* ExporterTests.m */; };
		AED964761A3AB21000E72772 /* AppleScriptObjC.framework in Frameworks */ = {isa = PBXBuildFile; fileRef = AED964751A3AB21000E72772 /* AppleScriptObjC.framework */; };
		AED964781A3AB52100E72772 /* Aperture.applescript in Sources */ = {isa = PBXBuildFile; fileRef = AED964771A3AB52100E72772 /* Aperture.applescript */; };
/* End PBXBuildFile section */

/* Begin PBXContainerItemProxy section */
		AED964661A3AA4F100E72772 /* PBXContainerItemProxy */ = {
			isa = PBXContainerItemProxy;
			containerPortal = AED9644A1A3AA4F000E72772 /* Project object */;
			proxyType = 1;
			remoteGlobalIDString = AED964511A3AA4F000E72772;
			remoteInfo = Exporter;
		};
/* End PBXContainerItemProxy section */

/* Begin PBXFileReference section */
		AE5584A31ACA8E860007AE41 /* IntegerToColourTransformer.h */ = {isa = PBXFileReference; fileEncoding = 4; lastKnownFileType = sourcecode.c.h; path = IntegerToColourTransformer.h; sourceTree = "<group>"; };
		AE5584A41ACA8E860007AE41 /* IntegerToColourTransformer.m */ = {isa = PBXFileReference; fileEncoding = 4; lastKnownFileType = sourcecode.c.objc; path = IntegerToColourTransformer.m; sourceTree = "<group>"; };
		AE59613E1A494D7500CB9DD2 /* TreeNode.h */ = {isa = PBXFileReference; fileEncoding = 4; lastKnownFileType = sourcecode.c.h; path = TreeNode.h; sourceTree = "<group>"; };
		AE59613F1A494D7500CB9DD2 /* TreeNode.m */ = {isa = PBXFileReference; fileEncoding = 4; lastKnownFileType = sourcecode.c.objc; path = TreeNode.m; sourceTree = "<group>"; };
		AE5961441A496A9900CB9DD2 /* Project.h */ = {isa = PBXFileReference; fileEncoding = 4; lastKnownFileType = sourcecode.c.h; name = Project.h; path = ../Project.h; sourceTree = "<group>"; };
		AE5961451A496A9900CB9DD2 /* Project.m */ = {isa = PBXFileReference; fileEncoding = 4; lastKnownFileType = sourcecode.c.objc; name = Project.m; path = ../Project.m; sourceTree = "<group>"; };
		AE5961561A4A726400CB9DD2 /* ProjectTest.h */ = {isa = PBXFileReference; fileEncoding = 4; lastKnownFileType = sourcecode.c.h; path = ProjectTest.h; sourceTree = "<group>"; };
		AE5961571A4A726400CB9DD2 /* ProjectTest.m */ = {isa = PBXFileReference; fileEncoding = 4; lastKnownFileType = sourcecode.c.objc; path = ProjectTest.m; sourceTree = "<group>"; };
		AE5961591A4DB10B00CB9DD2 /* Preferences.xib */ = {isa = PBXFileReference; fileEncoding = 4; lastKnownFileType = file.xib; name = Preferences.xib; path = ../Preferences.xib; sourceTree = "<group>"; };
		AE59615B1A4F135300CB9DD2 /* PreferencesWindowController.h */ = {isa = PBXFileReference; fileEncoding = 4; lastKnownFileType = sourcecode.c.h; path = PreferencesWindowController.h; sourceTree = "<group>"; };
		AE59615C1A4F135300CB9DD2 /* PreferencesWindowController.m */ = {isa = PBXFileReference; fileEncoding = 4; lastKnownFileType = sourcecode.c.objc; path = PreferencesWindowController.m; sourceTree = "<group>"; };
		AED964521A3AA4F000E72772 /* Exporter.app */ = {isa = PBXFileReference; explicitFileType = wrapper.application; includeInIndex = 0; path = Exporter.app; sourceTree = BUILT_PRODUCTS_DIR; };
		AED964561A3AA4F000E72772 /* Info.plist */ = {isa = PBXFileReference; lastKnownFileType = text.plist.xml; path = Info.plist; sourceTree = "<group>"; };
		AED964571A3AA4F000E72772 /* AppDelegate.h */ = {isa = PBXFileReference; lastKnownFileType = sourcecode.c.h; path = AppDelegate.h; sourceTree = "<group>"; };
		AED964581A3AA4F000E72772 /* AppDelegate.m */ = {isa = PBXFileReference; lastKnownFileType = sourcecode.c.objc; path = AppDelegate.m; sourceTree = "<group>"; };
		AED9645A1A3AA4F000E72772 /* main.m */ = {isa = PBXFileReference; lastKnownFileType = sourcecode.c.objc; path = main.m; sourceTree = "<group>"; };
		AED9645C1A3AA4F000E72772 /* Images.xcassets */ = {isa = PBXFileReference; lastKnownFileType = folder.assetcatalog; path = Images.xcassets; sourceTree = "<group>"; };
		AED9645F1A3AA4F000E72772 /* Base */ = {isa = PBXFileReference; lastKnownFileType = file.xib; name = Base; path = Base.lproj/MainMenu.xib; sourceTree = "<group>"; };
		AED964651A3AA4F100E72772 /* ExporterTests.xctest */ = {isa = PBXFileReference; explicitFileType = wrapper.cfbundle; includeInIndex = 0; path = ExporterTests.xctest; sourceTree = BUILT_PRODUCTS_DIR; };
		AED9646A1A3AA4F100E72772 /* Info.plist */ = {isa = PBXFileReference; lastKnownFileType = text.plist.xml; path = Info.plist; sourceTree = "<group>"; };
		AED9646B1A3AA4F100E72772 /* ExporterTests.m */ = {isa = PBXFileReference; lastKnownFileType = sourcecode.c.objc; path = ExporterTests.m; sourceTree = "<group>"; };
		AED964751A3AB21000E72772 /* AppleScriptObjC.framework */ = {isa = PBXFileReference; lastKnownFileType = wrapper.framework; name = AppleScriptObjC.framework; path = System/Library/Frameworks/AppleScriptObjC.framework; sourceTree = SDKROOT; };
		AED964771A3AB52100E72772 /* Aperture.applescript */ = {isa = PBXFileReference; fileEncoding = 4; lastKnownFileType = sourcecode.applescript; path = Aperture.applescript; sourceTree = "<group>"; };
/* End PBXFileReference section */

/* Begin PBXFrameworksBuildPhase section */
		AED9644F1A3AA4F000E72772 /* Frameworks */ = {
			isa = PBXFrameworksBuildPhase;
			buildActionMask = 2147483647;
			files = (
				AED964761A3AB21000E72772 /* AppleScriptObjC.framework in Frameworks */,
			);
			runOnlyForDeploymentPostprocessing = 0;
		};
		AED964621A3AA4F100E72772 /* Frameworks */ = {
			isa = PBXFrameworksBuildPhase;
			buildActionMask = 2147483647;
			files = (
			);
			runOnlyForDeploymentPostprocessing = 0;
		};
/* End PBXFrameworksBuildPhase section */

/* Begin PBXGroup section */
		AED964491A3AA4F000E72772 = {
			isa = PBXGroup;
			children = (
				AED964751A3AB21000E72772 /* AppleScriptObjC.framework */,
				AED964541A3AA4F000E72772 /* Exporter */,
				AED964681A3AA4F100E72772 /* ExporterTests */,
				AED964531A3AA4F000E72772 /* Products */,
			);
			sourceTree = "<group>";
		};
		AED964531A3AA4F000E72772 /* Products */ = {
			isa = PBXGroup;
			children = (
				AED964521A3AA4F000E72772 /* Exporter.app */,
				AED964651A3AA4F100E72772 /* ExporterTests.xctest */,
			);
			name = Products;
			sourceTree = "<group>";
		};
		AED964541A3AA4F000E72772 /* Exporter */ = {
			isa = PBXGroup;
			children = (
				AE5961441A496A9900CB9DD2 /* Project.h */,
				AE5961451A496A9900CB9DD2 /* Project.m */,
				AED964571A3AA4F000E72772 /* AppDelegate.h */,
				AED964581A3AA4F000E72772 /* AppDelegate.m */,
				AED964771A3AB52100E72772 /* Aperture.applescript */,
				AED9645C1A3AA4F000E72772 /* Images.xcassets */,
				AE59615B1A4F135300CB9DD2 /* PreferencesWindowController.h */,
				AE59615C1A4F135300CB9DD2 /* PreferencesWindowController.m */,
				AED9645E1A3AA4F000E72772 /* MainMenu.xib */,
				AE5584A31ACA8E860007AE41 /* IntegerToColourTransformer.h */,
				AE5584A41ACA8E860007AE41 /* IntegerToColourTransformer.m */,
				AE5961591A4DB10B00CB9DD2 /* Preferences.xib */,
				AE59613E1A494D7500CB9DD2 /* TreeNode.h */,
				AE59613F1A494D7500CB9DD2 /* TreeNode.m */,
				AED964551A3AA4F000E72772 /* Supporting Files */,
			);
			path = Exporter;
			sourceTree = "<group>";
		};
		AED964551A3AA4F000E72772 /* Supporting Files */ = {
			isa = PBXGroup;
			children = (
				AED964561A3AA4F000E72772 /* Info.plist */,
				AED9645A1A3AA4F000E72772 /* main.m */,
			);
			name = "Supporting Files";
			sourceTree = "<group>";
		};
		AED964681A3AA4F100E72772 /* ExporterTests */ = {
			isa = PBXGroup;
			children = (
				AE5961561A4A726400CB9DD2 /* ProjectTest.h */,
				AE5961571A4A726400CB9DD2 /* ProjectTest.m */,
				AED9646B1A3AA4F100E72772 /* ExporterTests.m */,
				AED964691A3AA4F100E72772 /* Supporting Files */,
			);
			path = ExporterTests;
			sourceTree = "<group>";
		};
		AED964691A3AA4F100E72772 /* Supporting Files */ = {
			isa = PBXGroup;
			children = (
				AED9646A1A3AA4F100E72772 /* Info.plist */,
			);
			name = "Supporting Files";
			sourceTree = "<group>";
		};
/* End PBXGroup section */

/* Begin PBXNativeTarget section */
		AED964511A3AA4F000E72772 /* Exporter */ = {
			isa = PBXNativeTarget;
			buildConfigurationList = AED9646F1A3AA4F100E72772 /* Build configuration list for PBXNativeTarget "Exporter" */;
			buildPhases = (
				AED9644E1A3AA4F000E72772 /* Sources */,
				AED9644F1A3AA4F000E72772 /* Frameworks */,
				AED964501A3AA4F000E72772 /* Resources */,
			);
			buildRules = (
			);
			dependencies = (
			);
			name = Exporter;
			productName = Exporter;
			productReference = AED964521A3AA4F000E72772 /* Exporter.app */;
			productType = "com.apple.product-type.application";
		};
		AED964641A3AA4F100E72772 /* ExporterTests */ = {
			isa = PBXNativeTarget;
			buildConfigurationList = AED964721A3AA4F100E72772 /* Build configuration list for PBXNativeTarget "ExporterTests" */;
			buildPhases = (
				AED964611A3AA4F100E72772 /* Sources */,
				AED964621A3AA4F100E72772 /* Frameworks */,
				AED964631A3AA4F100E72772 /* Resources */,
			);
			buildRules = (
			);
			dependencies = (
				AED964671A3AA4F100E72772 /* PBXTargetDependency */,
			);
			name = ExporterTests;
			productName = ExporterTests;
			productReference = AED964651A3AA4F100E72772 /* ExporterTests.xctest */;
			productType = "com.apple.product-type.bundle.unit-test";
		};
/* End PBXNativeTarget section */

/* Begin PBXProject section */
		AED9644A1A3AA4F000E72772 /* Project object */ = {
			isa = PBXProject;
			attributes = {
				LastUpgradeCheck = 0610;
				ORGANIZATIONNAME = soulflyer;
				TargetAttributes = {
					AED964511A3AA4F000E72772 = {
						CreatedOnToolsVersion = 6.1.1;
					};
					AED964641A3AA4F100E72772 = {
						CreatedOnToolsVersion = 6.1.1;
						TestTargetID = AED964511A3AA4F000E72772;
					};
				};
			};
			buildConfigurationList = AED9644D1A3AA4F000E72772 /* Build configuration list for PBXProject "Exporter" */;
			compatibilityVersion = "Xcode 3.2";
			developmentRegion = English;
			hasScannedForEncodings = 0;
			knownRegions = (
				en,
				Base,
			);
			mainGroup = AED964491A3AA4F000E72772;
			productRefGroup = AED964531A3AA4F000E72772 /* Products */;
			projectDirPath = "";
			projectRoot = "";
			targets = (
				AED964511A3AA4F000E72772 /* Exporter */,
				AED964641A3AA4F100E72772 /* ExporterTests */,
			);
		};
/* End PBXProject section */

/* Begin PBXResourcesBuildPhase section */
		AED964501A3AA4F000E72772 /* Resources */ = {
			isa = PBXResourcesBuildPhase;
			buildActionMask = 2147483647;
			files = (
				AED9645D1A3AA4F000E72772 /* Images.xcassets in Resources */,
				AE59615A1A4DB10B00CB9DD2 /* Preferences.xib in Resources */,
				AED964601A3AA4F000E72772 /* MainMenu.xib in Resources */,
			);
			runOnlyForDeploymentPostprocessing = 0;
		};
		AED964631A3AA4F100E72772 /* Resources */ = {
			isa = PBXResourcesBuildPhase;
			buildActionMask = 2147483647;
			files = (
			);
			runOnlyForDeploymentPostprocessing = 0;
		};
/* End PBXResourcesBuildPhase section */

/* Begin PBXSourcesBuildPhase section */
		AED9644E1A3AA4F000E72772 /* Sources */ = {
			isa = PBXSourcesBuildPhase;
			buildActionMask = 2147483647;
			files = (
				AED9645B1A3AA4F000E72772 /* main.m in Sources */,
				AED964591A3AA4F000E72772 /* AppDelegate.m in Sources */,
				AED964781A3AB52100E72772 /* Aperture.applescript in Sources */,
				AE5961461A496A9900CB9DD2 /* Project.m in Sources */,
				AE59615D1A4F135300CB9DD2 /* PreferencesWindowController.m in Sources */,
				AE5961401A494D7500CB9DD2 /* TreeNode.m in Sources */,
				AE5584A51ACA8E860007AE41 /* IntegerToColourTransformer.m in Sources */,
			);
			runOnlyForDeploymentPostprocessing = 0;
		};
		AED964611A3AA4F100E72772 /* Sources */ = {
			isa = PBXSourcesBuildPhase;
			buildActionMask = 2147483647;
			files = (
				AED9646C1A3AA4F100E72772 /* ExporterTests.m in Sources */,
				AE5961581A4A726400CB9DD2 /* ProjectTest.m in Sources */,
			);
			runOnlyForDeploymentPostprocessing = 0;
		};
/* End PBXSourcesBuildPhase section */

/* Begin PBXTargetDependency section */
		AED964671A3AA4F100E72772 /* PBXTargetDependency */ = {
			isa = PBXTargetDependency;
			target = AED964511A3AA4F000E72772 /* Exporter */;
			targetProxy = AED964661A3AA4F100E72772 /* PBXContainerItemProxy */;
		};
/* End PBXTargetDependency section */

/* Begin PBXVariantGroup section */
		AED9645E1A3AA4F000E72772 /* MainMenu.xib */ = {
			isa = PBXVariantGroup;
			children = (
				AED9645F1A3AA4F000E72772 /* Base */,
			);
			name = MainMenu.xib;
			sourceTree = "<group>";
		};
/* End PBXVariantGroup section */

/* Begin XCBuildConfiguration section */
		AED9646D1A3AA4F100E72772 /* Debug */ = {
			isa = XCBuildConfiguration;
			buildSettings = {
				ALWAYS_SEARCH_USER_PATHS = NO;
				CLANG_CXX_LANGUAGE_STANDARD = "gnu++0x";
				CLANG_CXX_LIBRARY = "libc++";
				CLANG_ENABLE_MODULES = YES;
				CLANG_ENABLE_OBJC_ARC = YES;
				CLANG_WARN_BOOL_CONVERSION = YES;
				CLANG_WARN_CONSTANT_CONVERSION = YES;
				CLANG_WARN_DIRECT_OBJC_ISA_USAGE = YES_ERROR;
				CLANG_WARN_EMPTY_BODY = YES;
				CLANG_WARN_ENUM_CONVERSION = YES;
				CLANG_WARN_INT_CONVERSION = YES;
				CLANG_WARN_OBJC_ROOT_CLASS = YES_ERROR;
				CLANG_WARN_UNREACHABLE_CODE = YES;
				CLANG_WARN__DUPLICATE_METHOD_MATCH = YES;
				CODE_SIGN_IDENTITY = "-";
				COPY_PHASE_STRIP = NO;
				ENABLE_STRICT_OBJC_MSGSEND = YES;
				GCC_C_LANGUAGE_STANDARD = gnu99;
				GCC_DYNAMIC_NO_PIC = NO;
				GCC_OPTIMIZATION_LEVEL = 0;
				GCC_PREPROCESSOR_DEFINITIONS = (
					"DEBUG=1",
					"$(inherited)",
				);
				GCC_SYMBOLS_PRIVATE_EXTERN = NO;
				GCC_WARN_64_TO_32_BIT_CONVERSION = YES;
				GCC_WARN_ABOUT_RETURN_TYPE = YES_ERROR;
				GCC_WARN_UNDECLARED_SELECTOR = YES;
				GCC_WARN_UNINITIALIZED_AUTOS = YES_AGGRESSIVE;
				GCC_WARN_UNUSED_FUNCTION = YES;
				GCC_WARN_UNUSED_VARIABLE = YES;
				MACOSX_DEPLOYMENT_TARGET = 10.9;
				MTL_ENABLE_DEBUG_INFO = YES;
				ONLY_ACTIVE_ARCH = YES;
				SDKROOT = macosx;
			};
			name = Debug;
		};
		AED9646E1A3AA4F100E72772 /* Release */ = {
			isa = XCBuildConfiguration;
			buildSettings = {
				ALWAYS_SEARCH_USER_PATHS = NO;
				CLANG_CXX_LANGUAGE_STANDARD = "gnu++0x";
				CLANG_CXX_LIBRARY = "libc++";
				CLANG_ENABLE_MODULES = YES;
				CLANG_ENABLE_OBJC_ARC = YES;
				CLANG_WARN_BOOL_CONVERSION = YES;
				CLANG_WARN_CONSTANT_CONVERSION = YES;
				CLANG_WARN_DIRECT_OBJC_ISA_USAGE = YES_ERROR;
				CLANG_WARN_EMPTY_BODY = YES;
				CLANG_WARN_ENUM_CONVERSION = YES;
				CLANG_WARN_INT_CONVERSION = YES;
				CLANG_WARN_OBJC_ROOT_CLASS = YES_ERROR;
				CLANG_WARN_UNREACHABLE_CODE = YES;
				CLANG_WARN__DUPLICATE_METHOD_MATCH = YES;
				CODE_SIGN_IDENTITY = "-";
				COPY_PHASE_STRIP = YES;
				DEBUG_INFORMATION_FORMAT = "dwarf-with-dsym";
				ENABLE_NS_ASSERTIONS = NO;
				ENABLE_STRICT_OBJC_MSGSEND = YES;
				GCC_C_LANGUAGE_STANDARD = gnu99;
				GCC_WARN_64_TO_32_BIT_CONVERSION = YES;
				GCC_WARN_ABOUT_RETURN_TYPE = YES_ERROR;
				GCC_WARN_UNDECLARED_SELECTOR = YES;
				GCC_WARN_UNINITIALIZED_AUTOS = YES_AGGRESSIVE;
				GCC_WARN_UNUSED_FUNCTION = YES;
				GCC_WARN_UNUSED_VARIABLE = YES;
				MACOSX_DEPLOYMENT_TARGET = 10.9;
				MTL_ENABLE_DEBUG_INFO = NO;
				SDKROOT = macosx;
			};
			name = Release;
		};
		AED964701A3AA4F100E72772 /* Debug */ = {
			isa = XCBuildConfiguration;
			buildSettings = {
				ASSETCATALOG_COMPILER_APPICON_NAME = AppIcon;
				COMBINE_HIDPI_IMAGES = YES;
				INFOPLIST_FILE = Exporter/Info.plist;
				LD_RUNPATH_SEARCH_PATHS = "$(inherited) @executable_path/../Frameworks";
				PRODUCT_NAME = "$(TARGET_NAME)";
			};
			name = Debug;
		};
		AED964711A3AA4F100E72772 /* Release */ = {
			isa = XCBuildConfiguration;
			buildSettings = {
				ASSETCATALOG_COMPILER_APPICON_NAME = AppIcon;
				COMBINE_HIDPI_IMAGES = YES;
				INFOPLIST_FILE = Exporter/Info.plist;
				LD_RUNPATH_SEARCH_PATHS = "$(inherited) @executable_path/../Frameworks";
				PRODUCT_NAME = "$(TARGET_NAME)";
			};
			name = Release;
		};
		AED964731A3AA4F100E72772 /* Debug */ = {
			isa = XCBuildConfiguration;
			buildSettings = {
				BUNDLE_LOADER = "$(TEST_HOST)";
				COMBINE_HIDPI_IMAGES = YES;
				FRAMEWORK_SEARCH_PATHS = (
					"$(DEVELOPER_FRAMEWORKS_DIR)",
					"$(inherited)",
				);
				GCC_PREPROCESSOR_DEFINITIONS = (
					"DEBUG=1",
					"$(inherited)",
				);
				INFOPLIST_FILE = ExporterTests/Info.plist;
				LD_RUNPATH_SEARCH_PATHS = "$(inherited) @executable_path/../Frameworks @loader_path/../Frameworks";
				PRODUCT_NAME = "$(TARGET_NAME)";
				TEST_HOST = "$(BUILT_PRODUCTS_DIR)/Exporter.app/Contents/MacOS/Exporter";
			};
			name = Debug;
		};
		AED964741A3AA4F100E72772 /* Release */ = {
			isa = XCBuildConfiguration;
			buildSettings = {
				BUNDLE_LOADER = "$(TEST_HOST)";
				COMBINE_HIDPI_IMAGES = YES;
				FRAMEWORK_SEARCH_PATHS = (
					"$(DEVELOPER_FRAMEWORKS_DIR)",
					"$(inherited)",
				);
				INFOPLIST_FILE = ExporterTests/Info.plist;
				LD_RUNPATH_SEARCH_PATHS = "$(inherited) @executable_path/../Frameworks @loader_path/../Frameworks";
				PRODUCT_NAME = "$(TARGET_NAME)";
				TEST_HOST = "$(BUILT_PRODUCTS_DIR)/Exporter.app/Contents/MacOS/Exporter";
			};
			name = Release;
		};
/* End XCBuildConfiguration section */

/* Begin XCConfigurationList section */
		AED9644D1A3AA4F000E72772 /* Build configuration list for PBXProject "Exporter" */ = {
			isa = XCConfigurationList;
			buildConfigurations = (
				AED9646D1A3AA4F100E72772 /* Debug */,
				AED9646E1A3AA4F100E72772 /* Release */,
			);
			defaultConfigurationIsVisible = 0;
			defaultConfigurationName = Release;
		};
		AED9646F1A3AA4F100E72772 /* Build configuration list for PBXNativeTarget "Exporter" */ = {
			isa = XCConfigurationList;
			buildConfigurations = (
				AED964701A3AA4F100E72772 /* Debug */,
				AED964711A3AA4F100E72772 /* Release */,
			);
			defaultConfigurationIsVisible = 0;
			defaultConfigurationName = Release;
		};
		AED964721A3AA4F100E72772 /* Build configuration list for PBXNativeTarget "ExporterTests" */ = {
			isa = XCConfigurationList;
			buildConfigurations = (
				AED964731A3AA4F100E72772 /* Debug */,
				AED964741A3AA4F100E72772 /* Release */,
			);
			defaultConfigurationIsVisible = 0;
			defaultConfigurationName = Release;
		};
/* End XCConfigurationList section */
	};
	rootObject = AED9644A1A3AA4F000E72772 /* Project object */;
}
